
Microsoft Visual Studio Solution File, Format Version 12.00
# Visual Studio Version 17
VisualStudioVersion = 17.10.34916.146
MinimumVisualStudioVersion = 10.0.40219.1
Project("{FAE04EC0-301F-11D3-BF4B-00C04F79EFBC}") = "StudentPerformanceTracker", "StudentPerformanceTracker\StudentPerformanceTracker.csproj", "{B72E1E52-5C3A-4DFB-95ED-846FCCB3389E}"
EndProject
Global
	GlobalSection(SolutionConfigurationPlatforms) = preSolution
		Debug|Any CPU = Debug|Any CPU
		Release|Any CPU = Release|Any CPU
	EndGlobalSection
	GlobalSection(ProjectConfigurationPlatforms) = postSolution
		{B72E1E52-5C3A-4DFB-95ED-846FCCB3389E}.Debug|Any CPU.ActiveCfg = Debug|Any CPU
		{B72E1E52-5C3A-4DFB-95ED-846FCCB3389E}.Debug|Any CPU.Build.0 = Debug|Any CPU
		{B72E1E52-5C3A-4DFB-95ED-846FCCB3389E}.Release|Any CPU.ActiveCfg = Release|Any CPU
		{B72E1E52-5C3A-4DFB-95ED-846FCCB3389E}.Release|Any CPU.Build.0 = Release|Any CPU
	EndGlobalSection
	GlobalSection(SolutionProperties) = preSolution
		HideSolutionNode = FALSE
	EndGlobalSection
	GlobalSection(ExtensibilityGlobals) = postSolution
		SolutionGuid = {310CFEB0-76FB-4CB9-8A24-A30A85F7C4B9}
	EndGlobalSection
EndGlobal
